// !$*UTF8*$!
{
	archiveVersion = 1;
	classes = {
	};
	objectVersion = 50;
	objects = {

/* Begin PBXBuildFile section */
		62095D6124A2687F00886BB4 /* main.swift in Sources */ = {isa = PBXBuildFile; fileRef = 62095D6024A2687F00886BB4 /* main.swift */; };
		620C519A24B8CF3800AE61B4 /* main.swift in Sources */ = {isa = PBXBuildFile; fileRef = 620C519924B8CF3800AE61B4 /* main.swift */; };
		6222F54D24A2EB0D00995E47 /* Recursion.swift in Sources */ = {isa = PBXBuildFile; fileRef = 6222F54C24A2EB0D00995E47 /* Recursion.swift */; };
		6222F55124A2EB3900995E47 /* String+DPStringTool.swift in Sources */ = {isa = PBXBuildFile; fileRef = 6222F54F24A2EB3900995E47 /* String+DPStringTool.swift */; };
		623DE39424BB70A60077B509 /* main.swift in Sources */ = {isa = PBXBuildFile; fileRef = 623DE39324BB70A60077B509 /* main.swift */; };
		623DE39A24BB70F50077B509 /* Bag.swift in Sources */ = {isa = PBXBuildFile; fileRef = 623DE39924BB70F50077B509 /* Bag.swift */; };
		623DE39C24BB71080077B509 /* Stack.swift in Sources */ = {isa = PBXBuildFile; fileRef = 623DE39B24BB71080077B509 /* Stack.swift */; };
		623DE39E24BB71190077B509 /* Queue.swift in Sources */ = {isa = PBXBuildFile; fileRef = 623DE39D24BB71190077B509 /* Queue.swift */; };
		6269990924B787EA00FFFC9C /* main.swift in Sources */ = {isa = PBXBuildFile; fileRef = 6269990824B787EA00FFFC9C /* main.swift */; };
		6273E42F24C8F86700101062 /* main.swift in Sources */ = {isa = PBXBuildFile; fileRef = 6273E42E24C8F86700101062 /* main.swift */; };
		6273E43524C8F87700101062 /* CyclePerutation.swift in Sources */ = {isa = PBXBuildFile; fileRef = 6273E43424C8F87700101062 /* CyclePerutation.swift */; };
		6273E43724C9031600101062 /* Queue.swift in Sources */ = {isa = PBXBuildFile; fileRef = 6273E43624C9031600101062 /* Queue.swift */; };
		6273E43924C909F000101062 /* Stack.swift in Sources */ = {isa = PBXBuildFile; fileRef = 6273E43824C909F000101062 /* Stack.swift */; };
		628734B024C68E7700D9E67F /* main.swift in Sources */ = {isa = PBXBuildFile; fileRef = 628734AF24C68E7700D9E67F /* main.swift */; };
		628734B824C696AB00D9E67F /* Diameter.swift in Sources */ = {isa = PBXBuildFile; fileRef = 628734B724C696AB00D9E67F /* Diameter.swift */; };
		628734BB24C6D59400D9E67F /* WhoIsMyParent.swift in Sources */ = {isa = PBXBuildFile; fileRef = 628734BA24C6D59300D9E67F /* WhoIsMyParent.swift */; };
		628734C424C7363600D9E67F /* main.swift in Sources */ = {isa = PBXBuildFile; fileRef = 628734C324C7363600D9E67F /* main.swift */; };
		628734C924C7364700D9E67F /* LCA.swift in Sources */ = {isa = PBXBuildFile; fileRef = 628734C824C7364700D9E67F /* LCA.swift */; };
		62C3B14124B78A8A001FB9D3 /* Board.swift in Sources */ = {isa = PBXBuildFile; fileRef = 62C3B13E24B78A8A001FB9D3 /* Board.swift */; };
		62C3B14224B78A8A001FB9D3 /* QueensSolver.swift in Sources */ = {isa = PBXBuildFile; fileRef = 62C3B14024B78A8A001FB9D3 /* QueensSolver.swift */; };
		62DFCC8B24B449B000A8FD4C /* main.swift in Sources */ = {isa = PBXBuildFile; fileRef = 62DFCC8A24B449B000A8FD4C /* main.swift */; };
		62FA3BB224A93CE70051F459 /* MyFileManager.swift in Sources */ = {isa = PBXBuildFile; fileRef = 62FA3BAF24A93CE70051F459 /* MyFileManager.swift */; };
		62FA3BB324A93CE70051F459 /* MyFileManager.swift in Sources */ = {isa = PBXBuildFile; fileRef = 62FA3BAF24A93CE70051F459 /* MyFileManager.swift */; };
		62FA3BB424A93CE70051F459 /* main.swift in Sources */ = {isa = PBXBuildFile; fileRef = 62FA3BB124A93CE70051F459 /* main.swift */; };
		62FA3BB524A93CE70051F459 /* main.swift in Sources */ = {isa = PBXBuildFile; fileRef = 62FA3BB124A93CE70051F459 /* main.swift */; };
		62FBAA9024BE2669004FCBAC /* main.swift in Sources */ = {isa = PBXBuildFile; fileRef = 62FBAA8F24BE2669004FCBAC /* main.swift */; };
		62FBAA9624BE2695004FCBAC /* FineSLinStream.swift in Sources */ = {isa = PBXBuildFile; fileRef = 62FBAA9524BE2695004FCBAC /* FineSLinStream.swift */; };
		62FBAA9824BE26A7004FCBAC /* FindSubstringPattern.swift in Sources */ = {isa = PBXBuildFile; fileRef = 62FBAA9724BE26A7004FCBAC /* FindSubstringPattern.swift */; };
/* End PBXBuildFile section */

/* Begin PBXContainerItemProxy section */
		62FA3BAC24A93CE70051F459 /* PBXContainerItemProxy */ = {
			isa = PBXContainerItemProxy;
			containerPortal = 62FA3BA824A93CE70051F459 /* MiniProject1.xcodeproj */;
			proxyType = 2;
			remoteGlobalIDString = C07221EA24A5A05200DA6B0C;
			remoteInfo = MiniProject1;
		};
/* End PBXContainerItemProxy section */

/* Begin PBXCopyFilesBuildPhase section */
		62095D5B24A2687F00886BB4 /* CopyFiles */ = {
			isa = PBXCopyFilesBuildPhase;
			buildActionMask = 2147483647;
			dstPath = /usr/share/man/man1/;
			dstSubfolderSpec = 0;
			files = (
			);
			runOnlyForDeploymentPostprocessing = 1;
		};
		620C519524B8CF3800AE61B4 /* CopyFiles */ = {
			isa = PBXCopyFilesBuildPhase;
			buildActionMask = 2147483647;
			dstPath = /usr/share/man/man1/;
			dstSubfolderSpec = 0;
			files = (
			);
			runOnlyForDeploymentPostprocessing = 1;
		};
		623DE38F24BB70A60077B509 /* CopyFiles */ = {
			isa = PBXCopyFilesBuildPhase;
			buildActionMask = 2147483647;
			dstPath = /usr/share/man/man1/;
			dstSubfolderSpec = 0;
			files = (
			);
			runOnlyForDeploymentPostprocessing = 1;
		};
		6269990424B787EA00FFFC9C /* CopyFiles */ = {
			isa = PBXCopyFilesBuildPhase;
			buildActionMask = 2147483647;
			dstPath = /usr/share/man/man1/;
			dstSubfolderSpec = 0;
			files = (
			);
			runOnlyForDeploymentPostprocessing = 1;
		};
		6273E42A24C8F86700101062 /* CopyFiles */ = {
			isa = PBXCopyFilesBuildPhase;
			buildActionMask = 2147483647;
			dstPath = /usr/share/man/man1/;
			dstSubfolderSpec = 0;
			files = (
			);
			runOnlyForDeploymentPostprocessing = 1;
		};
		628734AB24C68E7600D9E67F /* CopyFiles */ = {
			isa = PBXCopyFilesBuildPhase;
			buildActionMask = 2147483647;
			dstPath = /usr/share/man/man1/;
			dstSubfolderSpec = 0;
			files = (
			);
			runOnlyForDeploymentPostprocessing = 1;
		};
		628734BF24C7363600D9E67F /* CopyFiles */ = {
			isa = PBXCopyFilesBuildPhase;
			buildActionMask = 2147483647;
			dstPath = /usr/share/man/man1/;
			dstSubfolderSpec = 0;
			files = (
			);
			runOnlyForDeploymentPostprocessing = 1;
		};
		62DFCC8624B449B000A8FD4C /* CopyFiles */ = {
			isa = PBXCopyFilesBuildPhase;
			buildActionMask = 2147483647;
			dstPath = /usr/share/man/man1/;
			dstSubfolderSpec = 0;
			files = (
			);
			runOnlyForDeploymentPostprocessing = 1;
		};
		62FA3B9E24A93BAD0051F459 /* CopyFiles */ = {
			isa = PBXCopyFilesBuildPhase;
			buildActionMask = 2147483647;
			dstPath = /usr/share/man/man1/;
			dstSubfolderSpec = 0;
			files = (
			);
			runOnlyForDeploymentPostprocessing = 1;
		};
		62FBAA8B24BE2669004FCBAC /* CopyFiles */ = {
			isa = PBXCopyFilesBuildPhase;
			buildActionMask = 2147483647;
			dstPath = /usr/share/man/man1/;
			dstSubfolderSpec = 0;
			files = (
			);
			runOnlyForDeploymentPostprocessing = 1;
		};
/* End PBXCopyFilesBuildPhase section */

/* Begin PBXFileReference section */
		62095D5D24A2687F00886BB4 /* Recursives */ = {isa = PBXFileReference; explicitFileType = "compiled.mach-o.executable"; includeInIndex = 0; path = Recursives; sourceTree = BUILT_PRODUCTS_DIR; };
		62095D6024A2687F00886BB4 /* main.swift */ = {isa = PBXFileReference; lastKnownFileType = sourcecode.swift; path = main.swift; sourceTree = "<group>"; };
		620C519724B8CF3800AE61B4 /* Tree */ = {isa = PBXFileReference; explicitFileType = "compiled.mach-o.executable"; includeInIndex = 0; path = Tree; sourceTree = BUILT_PRODUCTS_DIR; };
		620C519924B8CF3800AE61B4 /* main.swift */ = {isa = PBXFileReference; lastKnownFileType = sourcecode.swift; path = main.swift; sourceTree = "<group>"; };
		6222F54C24A2EB0D00995E47 /* Recursion.swift */ = {isa = PBXFileReference; lastKnownFileType = sourcecode.swift; path = Recursion.swift; sourceTree = "<group>"; };
		6222F54F24A2EB3900995E47 /* String+DPStringTool.swift */ = {isa = PBXFileReference; fileEncoding = 4; lastKnownFileType = sourcecode.swift; path = "String+DPStringTool.swift"; sourceTree = "<group>"; };
		623DE39124BB70A60077B509 /* DataStructures1 */ = {isa = PBXFileReference; explicitFileType = "compiled.mach-o.executable"; includeInIndex = 0; path = DataStructures1; sourceTree = BUILT_PRODUCTS_DIR; };
		623DE39324BB70A60077B509 /* main.swift */ = {isa = PBXFileReference; lastKnownFileType = sourcecode.swift; path = main.swift; sourceTree = "<group>"; };
		623DE39924BB70F50077B509 /* Bag.swift */ = {isa = PBXFileReference; lastKnownFileType = sourcecode.swift; path = Bag.swift; sourceTree = "<group>"; };
		623DE39B24BB71080077B509 /* Stack.swift */ = {isa = PBXFileReference; lastKnownFileType = sourcecode.swift; path = Stack.swift; sourceTree = "<group>"; };
		623DE39D24BB71190077B509 /* Queue.swift */ = {isa = PBXFileReference; lastKnownFileType = sourcecode.swift; path = Queue.swift; sourceTree = "<group>"; };
		6269990624B787EA00FFFC9C /* MiniProject2 */ = {isa = PBXFileReference; explicitFileType = "compiled.mach-o.executable"; includeInIndex = 0; path = MiniProject2; sourceTree = BUILT_PRODUCTS_DIR; };
		6269990824B787EA00FFFC9C /* main.swift */ = {isa = PBXFileReference; lastKnownFileType = sourcecode.swift; path = main.swift; sourceTree = "<group>"; };
		6273E42C24C8F86700101062 /* ProblemSet2 */ = {isa = PBXFileReference; explicitFileType = "compiled.mach-o.executable"; includeInIndex = 0; path = ProblemSet2; sourceTree = BUILT_PRODUCTS_DIR; };
		6273E42E24C8F86700101062 /* main.swift */ = {isa = PBXFileReference; lastKnownFileType = sourcecode.swift; path = main.swift; sourceTree = "<group>"; };
		6273E43424C8F87700101062 /* CyclePerutation.swift */ = {isa = PBXFileReference; lastKnownFileType = sourcecode.swift; path = CyclePerutation.swift; sourceTree = "<group>"; };
		6273E43624C9031600101062 /* Queue.swift */ = {isa = PBXFileReference; lastKnownFileType = sourcecode.swift; path = Queue.swift; sourceTree = "<group>"; };
		6273E43824C909F000101062 /* Stack.swift */ = {isa = PBXFileReference; lastKnownFileType = sourcecode.swift; path = Stack.swift; sourceTree = "<group>"; };
		628734AD24C68E7600D9E67F /* TreeQuiz */ = {isa = PBXFileReference; explicitFileType = "compiled.mach-o.executable"; includeInIndex = 0; path = TreeQuiz; sourceTree = BUILT_PRODUCTS_DIR; };
		628734AF24C68E7700D9E67F /* main.swift */ = {isa = PBXFileReference; lastKnownFileType = sourcecode.swift; path = main.swift; sourceTree = "<group>"; };
		628734B724C696AB00D9E67F /* Diameter.swift */ = {isa = PBXFileReference; lastKnownFileType = sourcecode.swift; path = Diameter.swift; sourceTree = "<group>"; };
		628734BA24C6D59300D9E67F /* WhoIsMyParent.swift */ = {isa = PBXFileReference; lastKnownFileType = sourcecode.swift; path = WhoIsMyParent.swift; sourceTree = "<group>"; };
		628734C124C7363600D9E67F /* LCA */ = {isa = PBXFileReference; explicitFileType = "compiled.mach-o.executable"; includeInIndex = 0; path = LCA; sourceTree = BUILT_PRODUCTS_DIR; };
		628734C324C7363600D9E67F /* main.swift */ = {isa = PBXFileReference; lastKnownFileType = sourcecode.swift; path = main.swift; sourceTree = "<group>"; };
		628734C824C7364700D9E67F /* LCA.swift */ = {isa = PBXFileReference; lastKnownFileType = sourcecode.swift; path = LCA.swift; sourceTree = "<group>"; };
		62C3B13E24B78A8A001FB9D3 /* Board.swift */ = {isa = PBXFileReference; fileEncoding = 4; lastKnownFileType = sourcecode.swift; path = Board.swift; sourceTree = "<group>"; };
		62C3B14024B78A8A001FB9D3 /* QueensSolver.swift */ = {isa = PBXFileReference; fileEncoding = 4; lastKnownFileType = sourcecode.swift; path = QueensSolver.swift; sourceTree = "<group>"; };
		62DFCC8824B449B000A8FD4C /* sort */ = {isa = PBXFileReference; explicitFileType = "compiled.mach-o.executable"; includeInIndex = 0; path = sort; sourceTree = BUILT_PRODUCTS_DIR; };
		62DFCC8A24B449B000A8FD4C /* main.swift */ = {isa = PBXFileReference; lastKnownFileType = sourcecode.swift; path = main.swift; sourceTree = "<group>"; };
		62FA3BA024A93BAD0051F459 /* Crawl */ = {isa = PBXFileReference; explicitFileType = "compiled.mach-o.executable"; includeInIndex = 0; path = Crawl; sourceTree = BUILT_PRODUCTS_DIR; };
		62FA3BA824A93CE70051F459 /* MiniProject1.xcodeproj */ = {isa = PBXFileReference; lastKnownFileType = "wrapper.pb-project"; name = MiniProject1.xcodeproj; path = "../../Swift/swift-ciccc/MiniProject1/MiniProject1.xcodeproj"; sourceTree = "<group>"; };
		62FA3BAF24A93CE70051F459 /* MyFileManager.swift */ = {isa = PBXFileReference; fileEncoding = 4; lastKnownFileType = sourcecode.swift; path = MyFileManager.swift; sourceTree = "<group>"; };
		62FA3BB024A93CE70051F459 /* scrawl */ = {isa = PBXFileReference; lastKnownFileType = "compiled.mach-o.executable"; path = scrawl; sourceTree = "<group>"; };
		62FA3BB124A93CE70051F459 /* main.swift */ = {isa = PBXFileReference; fileEncoding = 4; lastKnownFileType = sourcecode.swift; path = main.swift; sourceTree = "<group>"; };
		62FBAA8D24BE2669004FCBAC /* GroupPresentationI */ = {isa = PBXFileReference; explicitFileType = "compiled.mach-o.executable"; includeInIndex = 0; path = GroupPresentationI; sourceTree = BUILT_PRODUCTS_DIR; };
		62FBAA8F24BE2669004FCBAC /* main.swift */ = {isa = PBXFileReference; lastKnownFileType = sourcecode.swift; path = main.swift; sourceTree = "<group>"; };
		62FBAA9524BE2695004FCBAC /* FineSLinStream.swift */ = {isa = PBXFileReference; lastKnownFileType = sourcecode.swift; path = FineSLinStream.swift; sourceTree = "<group>"; };
		62FBAA9724BE26A7004FCBAC /* FindSubstringPattern.swift */ = {isa = PBXFileReference; lastKnownFileType = sourcecode.swift; path = FindSubstringPattern.swift; sourceTree = "<group>"; };
		62FEB95724A309A50082BBE6 /* story.txt */ = {isa = PBXFileReference; fileEncoding = 4; lastKnownFileType = text; path = story.txt; sourceTree = "<group>"; };
/* End PBXFileReference section */

/* Begin PBXFrameworksBuildPhase section */
		62095D5A24A2687F00886BB4 /* Frameworks */ = {
			isa = PBXFrameworksBuildPhase;
			buildActionMask = 2147483647;
			files = (
			);
			runOnlyForDeploymentPostprocessing = 0;
		};
		620C519424B8CF3800AE61B4 /* Frameworks */ = {
			isa = PBXFrameworksBuildPhase;
			buildActionMask = 2147483647;
			files = (
			);
			runOnlyForDeploymentPostprocessing = 0;
		};
		623DE38E24BB70A60077B509 /* Frameworks */ = {
			isa = PBXFrameworksBuildPhase;
			buildActionMask = 2147483647;
			files = (
			);
			runOnlyForDeploymentPostprocessing = 0;
		};
		6269990324B787EA00FFFC9C /* Frameworks */ = {
			isa = PBXFrameworksBuildPhase;
			buildActionMask = 2147483647;
			files = (
			);
			runOnlyForDeploymentPostprocessing = 0;
		};
		6273E42924C8F86700101062 /* Frameworks */ = {
			isa = PBXFrameworksBuildPhase;
			buildActionMask = 2147483647;
			files = (
			);
			runOnlyForDeploymentPostprocessing = 0;
		};
		628734AA24C68E7600D9E67F /* Frameworks */ = {
			isa = PBXFrameworksBuildPhase;
			buildActionMask = 2147483647;
			files = (
			);
			runOnlyForDeploymentPostprocessing = 0;
		};
		628734BE24C7363600D9E67F /* Frameworks */ = {
			isa = PBXFrameworksBuildPhase;
			buildActionMask = 2147483647;
			files = (
			);
			runOnlyForDeploymentPostprocessing = 0;
		};
		62DFCC8524B449B000A8FD4C /* Frameworks */ = {
			isa = PBXFrameworksBuildPhase;
			buildActionMask = 2147483647;
			files = (
			);
			runOnlyForDeploymentPostprocessing = 0;
		};
		62FA3B9D24A93BAD0051F459 /* Frameworks */ = {
			isa = PBXFrameworksBuildPhase;
			buildActionMask = 2147483647;
			files = (
			);
			runOnlyForDeploymentPostprocessing = 0;
		};
		62FBAA8A24BE2669004FCBAC /* Frameworks */ = {
			isa = PBXFrameworksBuildPhase;
			buildActionMask = 2147483647;
			files = (
			);
			runOnlyForDeploymentPostprocessing = 0;
		};
/* End PBXFrameworksBuildPhase section */

/* Begin PBXGroup section */
		62095D5424A2687F00886BB4 = {
			isa = PBXGroup;
			children = (
				62FA3BAE24A93CE70051F459 /* MiniProject1 */,
				62FA3BA824A93CE70051F459 /* MiniProject1.xcodeproj */,
				6222F54E24A2EB3900995E47 /* Utils */,
				62095D5F24A2687F00886BB4 /* Recursives */,
				62DFCC8924B449B000A8FD4C /* sort */,
				6269990724B787EA00FFFC9C /* MiniProject2 */,
				620C519824B8CF3800AE61B4 /* Tree */,
				623DE39224BB70A60077B509 /* DataStructures1 */,
				62FBAA8E24BE2669004FCBAC /* GroupPresentation1 */,
				628734AE24C68E7600D9E67F /* TreeQuiz */,
				628734C224C7363600D9E67F /* LCA */,
				6273E42D24C8F86700101062 /* ProblemSet2 */,
				62095D5E24A2687F00886BB4 /* Products */,
			);
			sourceTree = "<group>";
		};
		62095D5E24A2687F00886BB4 /* Products */ = {
			isa = PBXGroup;
			children = (
				62095D5D24A2687F00886BB4 /* Recursives */,
				62FA3BA024A93BAD0051F459 /* Crawl */,
				62DFCC8824B449B000A8FD4C /* sort */,
				6269990624B787EA00FFFC9C /* MiniProject2 */,
				620C519724B8CF3800AE61B4 /* Tree */,
				623DE39124BB70A60077B509 /* DataStructures1 */,
				62FBAA8D24BE2669004FCBAC /* GroupPresentationI */,
				628734AD24C68E7600D9E67F /* TreeQuiz */,
				628734C124C7363600D9E67F /* LCA */,
				6273E42C24C8F86700101062 /* ProblemSet2 */,
			);
			name = Products;
			sourceTree = "<group>";
		};
		62095D5F24A2687F00886BB4 /* Recursives */ = {
			isa = PBXGroup;
			children = (
				62095D6024A2687F00886BB4 /* main.swift */,
				62FEB95724A309A50082BBE6 /* story.txt */,
				6222F54C24A2EB0D00995E47 /* Recursion.swift */,
			);
			path = Recursives;
			sourceTree = "<group>";
		};
		620C519824B8CF3800AE61B4 /* Tree */ = {
			isa = PBXGroup;
			children = (
				620C519924B8CF3800AE61B4 /* main.swift */,
			);
			path = Tree;
			sourceTree = "<group>";
		};
		6222F54E24A2EB3900995E47 /* Utils */ = {
			isa = PBXGroup;
			children = (
				6222F54F24A2EB3900995E47 /* String+DPStringTool.swift */,
			);
			name = Utils;
			path = "../Swift-AGDS/SwiftAGDS/Utils";
			sourceTree = "<group>";
		};
		623DE39224BB70A60077B509 /* DataStructures1 */ = {
			isa = PBXGroup;
			children = (
				623DE39324BB70A60077B509 /* main.swift */,
				623DE39924BB70F50077B509 /* Bag.swift */,
				623DE39D24BB71190077B509 /* Queue.swift */,
				623DE39B24BB71080077B509 /* Stack.swift */,
			);
			path = DataStructures1;
			sourceTree = "<group>";
		};
		6269990724B787EA00FFFC9C /* MiniProject2 */ = {
			isa = PBXGroup;
			children = (
				62C3B13E24B78A8A001FB9D3 /* Board.swift */,
				62C3B14024B78A8A001FB9D3 /* QueensSolver.swift */,
				6269990824B787EA00FFFC9C /* main.swift */,
			);
			path = MiniProject2;
			sourceTree = "<group>";
		};
		6273E42D24C8F86700101062 /* ProblemSet2 */ = {
			isa = PBXGroup;
			children = (
				6273E42E24C8F86700101062 /* main.swift */,
				6273E43624C9031600101062 /* Queue.swift */,
				6273E43824C909F000101062 /* Stack.swift */,
				6273E43424C8F87700101062 /* CyclePerutation.swift */,
			);
			path = ProblemSet2;
			sourceTree = "<group>";
		};
		628734AE24C68E7600D9E67F /* TreeQuiz */ = {
			isa = PBXGroup;
			children = (
				628734AF24C68E7700D9E67F /* main.swift */,
				628734BA24C6D59300D9E67F /* WhoIsMyParent.swift */,
				628734B724C696AB00D9E67F /* Diameter.swift */,
			);
			path = TreeQuiz;
			sourceTree = "<group>";
		};
		628734C224C7363600D9E67F /* LCA */ = {
			isa = PBXGroup;
			children = (
				628734C324C7363600D9E67F /* main.swift */,
				628734C824C7364700D9E67F /* LCA.swift */,
			);
			path = LCA;
			sourceTree = "<group>";
		};
		62DFCC8924B449B000A8FD4C /* sort */ = {
			isa = PBXGroup;
			children = (
				62DFCC8A24B449B000A8FD4C /* main.swift */,
			);
			path = sort;
			sourceTree = "<group>";
		};
		62FA3BA924A93CE70051F459 /* Products */ = {
			isa = PBXGroup;
			children = (
				62FA3BAD24A93CE70051F459 /* MiniProject1 */,
			);
			name = Products;
			sourceTree = "<group>";
		};
		62FA3BAE24A93CE70051F459 /* MiniProject1 */ = {
			isa = PBXGroup;
			children = (
				62FA3BAF24A93CE70051F459 /* MyFileManager.swift */,
				62FA3BB024A93CE70051F459 /* scrawl */,
				62FA3BB124A93CE70051F459 /* main.swift */,
			);
			path = MiniProject1;
			sourceTree = "<group>";
		};
		62FBAA8E24BE2669004FCBAC /* GroupPresentation1 */ = {
			isa = PBXGroup;
			children = (
				62FBAA8F24BE2669004FCBAC /* main.swift */,
				62FBAA9524BE2695004FCBAC /* FineSLinStream.swift */,
				62FBAA9724BE26A7004FCBAC /* FindSubstringPattern.swift */,
			);
			path = GroupPresentation1;
			sourceTree = "<group>";
		};
/* End PBXGroup section */

/* Begin PBXNativeTarget section */
		62095D5C24A2687F00886BB4 /* Recursives */ = {
			isa = PBXNativeTarget;
			buildConfigurationList = 62095D6424A2687F00886BB4 /* Build configuration list for PBXNativeTarget "Recursives" */;
			buildPhases = (
				62095D5924A2687F00886BB4 /* Sources */,
				62095D5A24A2687F00886BB4 /* Frameworks */,
				62095D5B24A2687F00886BB4 /* CopyFiles */,
			);
			buildRules = (
			);
			dependencies = (
			);
			name = Recursives;
			productName = Recursives;
			productReference = 62095D5D24A2687F00886BB4 /* Recursives */;
			productType = "com.apple.product-type.tool";
		};
		620C519624B8CF3800AE61B4 /* Tree */ = {
			isa = PBXNativeTarget;
			buildConfigurationList = 620C519E24B8CF3800AE61B4 /* Build configuration list for PBXNativeTarget "Tree" */;
			buildPhases = (
				620C519324B8CF3800AE61B4 /* Sources */,
				620C519424B8CF3800AE61B4 /* Frameworks */,
				620C519524B8CF3800AE61B4 /* CopyFiles */,
			);
			buildRules = (
			);
			dependencies = (
			);
			name = Tree;
			productName = Tree;
			productReference = 620C519724B8CF3800AE61B4 /* Tree */;
			productType = "com.apple.product-type.tool";
		};
		623DE39024BB70A60077B509 /* DataStructures1 */ = {
			isa = PBXNativeTarget;
			buildConfigurationList = 623DE39824BB70A60077B509 /* Build configuration list for PBXNativeTarget "DataStructures1" */;
			buildPhases = (
				623DE38D24BB70A60077B509 /* Sources */,
				623DE38E24BB70A60077B509 /* Frameworks */,
				623DE38F24BB70A60077B509 /* CopyFiles */,
			);
			buildRules = (
			);
			dependencies = (
			);
			name = DataStructures1;
			productName = DataStructures1;
			productReference = 623DE39124BB70A60077B509 /* DataStructures1 */;
			productType = "com.apple.product-type.tool";
		};
		6269990524B787EA00FFFC9C /* MiniProject2 */ = {
			isa = PBXNativeTarget;
			buildConfigurationList = 6269990D24B787EA00FFFC9C /* Build configuration list for PBXNativeTarget "MiniProject2" */;
			buildPhases = (
				6269990224B787EA00FFFC9C /* Sources */,
				6269990324B787EA00FFFC9C /* Frameworks */,
				6269990424B787EA00FFFC9C /* CopyFiles */,
			);
			buildRules = (
			);
			dependencies = (
			);
			name = MiniProject2;
			productName = MiniProject2;
			productReference = 6269990624B787EA00FFFC9C /* MiniProject2 */;
			productType = "com.apple.product-type.tool";
		};
		6273E42B24C8F86700101062 /* ProblemSet2 */ = {
			isa = PBXNativeTarget;
			buildConfigurationList = 6273E43324C8F86700101062 /* Build configuration list for PBXNativeTarget "ProblemSet2" */;
			buildPhases = (
				6273E42824C8F86700101062 /* Sources */,
				6273E42924C8F86700101062 /* Frameworks */,
				6273E42A24C8F86700101062 /* CopyFiles */,
			);
			buildRules = (
			);
			dependencies = (
			);
			name = ProblemSet2;
			productName = ProblemSet2;
			productReference = 6273E42C24C8F86700101062 /* ProblemSet2 */;
			productType = "com.apple.product-type.tool";
		};
		628734AC24C68E7600D9E67F /* TreeQuiz */ = {
			isa = PBXNativeTarget;
			buildConfigurationList = 628734B424C68E7700D9E67F /* Build configuration list for PBXNativeTarget "TreeQuiz" */;
			buildPhases = (
				628734A924C68E7600D9E67F /* Sources */,
				628734AA24C68E7600D9E67F /* Frameworks */,
				628734AB24C68E7600D9E67F /* CopyFiles */,
			);
			buildRules = (
			);
			dependencies = (
			);
			name = TreeQuiz;
			productName = TreeQuiz;
			productReference = 628734AD24C68E7600D9E67F /* TreeQuiz */;
			productType = "com.apple.product-type.tool";
		};
		628734C024C7363600D9E67F /* LCA */ = {
			isa = PBXNativeTarget;
			buildConfigurationList = 628734C524C7363600D9E67F /* Build configuration list for PBXNativeTarget "LCA" */;
			buildPhases = (
				628734BD24C7363600D9E67F /* Sources */,
				628734BE24C7363600D9E67F /* Frameworks */,
				628734BF24C7363600D9E67F /* CopyFiles */,
			);
			buildRules = (
			);
			dependencies = (
			);
			name = LCA;
			productName = LCA;
			productReference = 628734C124C7363600D9E67F /* LCA */;
			productType = "com.apple.product-type.tool";
		};
		62DFCC8724B449B000A8FD4C /* sort */ = {
			isa = PBXNativeTarget;
			buildConfigurationList = 62DFCC8F24B449B000A8FD4C /* Build configuration list for PBXNativeTarget "sort" */;
			buildPhases = (
				62DFCC8424B449B000A8FD4C /* Sources */,
				62DFCC8524B449B000A8FD4C /* Frameworks */,
				62DFCC8624B449B000A8FD4C /* CopyFiles */,
			);
			buildRules = (
			);
			dependencies = (
			);
			name = sort;
			productName = sort;
			productReference = 62DFCC8824B449B000A8FD4C /* sort */;
			productType = "com.apple.product-type.tool";
		};
		62FA3B9F24A93BAD0051F459 /* Crawl */ = {
			isa = PBXNativeTarget;
			buildConfigurationList = 62FA3BA624A93BAE0051F459 /* Build configuration list for PBXNativeTarget "Crawl" */;
			buildPhases = (
				62FA3B9C24A93BAD0051F459 /* Sources */,
				62FA3B9D24A93BAD0051F459 /* Frameworks */,
				62FA3B9E24A93BAD0051F459 /* CopyFiles */,
			);
			buildRules = (
			);
			dependencies = (
			);
			name = Crawl;
			productName = Crawl;
			productReference = 62FA3BA024A93BAD0051F459 /* Crawl */;
			productType = "com.apple.product-type.tool";
		};
		62FBAA8C24BE2669004FCBAC /* GroupPresentationI */ = {
			isa = PBXNativeTarget;
			buildConfigurationList = 62FBAA9424BE2669004FCBAC /* Build configuration list for PBXNativeTarget "GroupPresentationI" */;
			buildPhases = (
				62FBAA8924BE2669004FCBAC /* Sources */,
				62FBAA8A24BE2669004FCBAC /* Frameworks */,
				62FBAA8B24BE2669004FCBAC /* CopyFiles */,
			);
			buildRules = (
			);
			dependencies = (
			);
			name = GroupPresentationI;
			productName = GroupPresentationI;
			productReference = 62FBAA8D24BE2669004FCBAC /* GroupPresentationI */;
			productType = "com.apple.product-type.tool";
		};
/* End PBXNativeTarget section */

/* Begin PBXProject section */
		62095D5524A2687F00886BB4 /* Project object */ = {
			isa = PBXProject;
			attributes = {
				LastSwiftUpdateCheck = 1160;
				LastUpgradeCheck = 1150;
				ORGANIZATIONNAME = "Tomona Sako";
				TargetAttributes = {
					62095D5C24A2687F00886BB4 = {
						CreatedOnToolsVersion = 11.5;
					};
					620C519624B8CF3800AE61B4 = {
						CreatedOnToolsVersion = 11.5;
					};
					623DE39024BB70A60077B509 = {
						CreatedOnToolsVersion = 11.5;
					};
					6269990524B787EA00FFFC9C = {
						CreatedOnToolsVersion = 11.5;
					};
					6273E42B24C8F86700101062 = {
						CreatedOnToolsVersion = 11.6;
					};
					628734AC24C68E7600D9E67F = {
						CreatedOnToolsVersion = 11.6;
					};
					628734C024C7363600D9E67F = {
						CreatedOnToolsVersion = 11.6;
					};
					62DFCC8724B449B000A8FD4C = {
						CreatedOnToolsVersion = 11.5;
					};
					62FA3B9F24A93BAD0051F459 = {
						CreatedOnToolsVersion = 11.5;
					};
					62FBAA8C24BE2669004FCBAC = {
						CreatedOnToolsVersion = 11.5;
					};
				};
			};
			buildConfigurationList = 62095D5824A2687F00886BB4 /* Build configuration list for PBXProject "Recursives" */;
			compatibilityVersion = "Xcode 9.3";
			developmentRegion = en;
			hasScannedForEncodings = 0;
			knownRegions = (
				en,
				Base,
			);
			mainGroup = 62095D5424A2687F00886BB4;
			productRefGroup = 62095D5E24A2687F00886BB4 /* Products */;
			projectDirPath = "";
			projectReferences = (
				{
					ProductGroup = 62FA3BA924A93CE70051F459 /* Products */;
					ProjectRef = 62FA3BA824A93CE70051F459 /* MiniProject1.xcodeproj */;
				},
			);
			projectRoot = "";
			targets = (
				62095D5C24A2687F00886BB4 /* Recursives */,
				62FA3B9F24A93BAD0051F459 /* Crawl */,
				62DFCC8724B449B000A8FD4C /* sort */,
				6269990524B787EA00FFFC9C /* MiniProject2 */,
				620C519624B8CF3800AE61B4 /* Tree */,
				623DE39024BB70A60077B509 /* DataStructures1 */,
				62FBAA8C24BE2669004FCBAC /* GroupPresentationI */,
				628734AC24C68E7600D9E67F /* TreeQuiz */,
				628734C024C7363600D9E67F /* LCA */,
				6273E42B24C8F86700101062 /* ProblemSet2 */,
			);
		};
/* End PBXProject section */

/* Begin PBXReferenceProxy section */
		62FA3BAD24A93CE70051F459 /* MiniProject1 */ = {
			isa = PBXReferenceProxy;
			fileType = "compiled.mach-o.executable";
			path = MiniProject1;
			remoteRef = 62FA3BAC24A93CE70051F459 /* PBXContainerItemProxy */;
			sourceTree = BUILT_PRODUCTS_DIR;
		};
/* End PBXReferenceProxy section */

/* Begin PBXSourcesBuildPhase section */
		62095D5924A2687F00886BB4 /* Sources */ = {
			isa = PBXSourcesBuildPhase;
			buildActionMask = 2147483647;
			files = (
				6222F55124A2EB3900995E47 /* String+DPStringTool.swift in Sources */,
				62FA3BB424A93CE70051F459 /* main.swift in Sources */,
				6222F54D24A2EB0D00995E47 /* Recursion.swift in Sources */,
				62095D6124A2687F00886BB4 /* main.swift in Sources */,
				62FA3BB224A93CE70051F459 /* MyFileManager.swift in Sources */,
			);
			runOnlyForDeploymentPostprocessing = 0;
		};
		620C519324B8CF3800AE61B4 /* Sources */ = {
			isa = PBXSourcesBuildPhase;
			buildActionMask = 2147483647;
			files = (
				620C519A24B8CF3800AE61B4 /* main.swift in Sources */,
			);
			runOnlyForDeploymentPostprocessing = 0;
		};
		623DE38D24BB70A60077B509 /* Sources */ = {
			isa = PBXSourcesBuildPhase;
			buildActionMask = 2147483647;
			files = (
				623DE39A24BB70F50077B509 /* Bag.swift in Sources */,
				623DE39C24BB71080077B509 /* Stack.swift in Sources */,
				623DE39424BB70A60077B509 /* main.swift in Sources */,
				623DE39E24BB71190077B509 /* Queue.swift in Sources */,
			);
			runOnlyForDeploymentPostprocessing = 0;
		};
		6269990224B787EA00FFFC9C /* Sources */ = {
			isa = PBXSourcesBuildPhase;
			buildActionMask = 2147483647;
			files = (
				62C3B14124B78A8A001FB9D3 /* Board.swift in Sources */,
				6269990924B787EA00FFFC9C /* main.swift in Sources */,
				62C3B14224B78A8A001FB9D3 /* QueensSolver.swift in Sources */,
			);
			runOnlyForDeploymentPostprocessing = 0;
		};
		6273E42824C8F86700101062 /* Sources */ = {
			isa = PBXSourcesBuildPhase;
			buildActionMask = 2147483647;
			files = (
				6273E43924C909F000101062 /* Stack.swift in Sources */,
				6273E42F24C8F86700101062 /* main.swift in Sources */,
				6273E43724C9031600101062 /* Queue.swift in Sources */,
				6273E43524C8F87700101062 /* CyclePerutation.swift in Sources */,
			);
			runOnlyForDeploymentPostprocessing = 0;
		};
		628734A924C68E7600D9E67F /* Sources */ = {
			isa = PBXSourcesBuildPhase;
			buildActionMask = 2147483647;
			files = (
				628734BB24C6D59400D9E67F /* WhoIsMyParent.swift in Sources */,
				628734B824C696AB00D9E67F /* Diameter.swift in Sources */,
				628734B024C68E7700D9E67F /* main.swift in Sources */,
			);
			runOnlyForDeploymentPostprocessing = 0;
		};
		628734BD24C7363600D9E67F /* Sources */ = {
			isa = PBXSourcesBuildPhase;
			buildActionMask = 2147483647;
			files = (
				628734C924C7364700D9E67F /* LCA.swift in Sources */,
				628734C424C7363600D9E67F /* main.swift in Sources */,
			);
			runOnlyForDeploymentPostprocessing = 0;
		};
		62DFCC8424B449B000A8FD4C /* Sources */ = {
			isa = PBXSourcesBuildPhase;
			buildActionMask = 2147483647;
			files = (
				62DFCC8B24B449B000A8FD4C /* main.swift in Sources */,
			);
			runOnlyForDeploymentPostprocessing = 0;
		};
		62FA3B9C24A93BAD0051F459 /* Sources */ = {
			isa = PBXSourcesBuildPhase;
			buildActionMask = 2147483647;
			files = (
				62FA3BB324A93CE70051F459 /* MyFileManager.swift in Sources */,
				62FA3BB524A93CE70051F459 /* main.swift in Sources */,
			);
			runOnlyForDeploymentPostprocessing = 0;
		};
		62FBAA8924BE2669004FCBAC /* Sources */ = {
			isa = PBXSourcesBuildPhase;
			buildActionMask = 2147483647;
			files = (
				62FBAA9824BE26A7004FCBAC /* FindSubstringPattern.swift in Sources */,
				62FBAA9024BE2669004FCBAC /* main.swift in Sources */,
				62FBAA9624BE2695004FCBAC /* FineSLinStream.swift in Sources */,
			);
			runOnlyForDeploymentPostprocessing = 0;
		};
/* End PBXSourcesBuildPhase section */

/* Begin XCBuildConfiguration section */
		62095D6224A2687F00886BB4 /* Debug */ = {
			isa = XCBuildConfiguration;
			buildSettings = {
				ALWAYS_SEARCH_USER_PATHS = NO;
				CLANG_ANALYZER_NONNULL = YES;
				CLANG_ANALYZER_NUMBER_OBJECT_CONVERSION = YES_AGGRESSIVE;
				CLANG_CXX_LANGUAGE_STANDARD = "gnu++14";
				CLANG_CXX_LIBRARY = "libc++";
				CLANG_ENABLE_MODULES = YES;
				CLANG_ENABLE_OBJC_ARC = YES;
				CLANG_ENABLE_OBJC_WEAK = YES;
				CLANG_WARN_BLOCK_CAPTURE_AUTORELEASING = YES;
				CLANG_WARN_BOOL_CONVERSION = YES;
				CLANG_WARN_COMMA = YES;
				CLANG_WARN_CONSTANT_CONVERSION = YES;
				CLANG_WARN_DEPRECATED_OBJC_IMPLEMENTATIONS = YES;
				CLANG_WARN_DIRECT_OBJC_ISA_USAGE = YES_ERROR;
				CLANG_WARN_DOCUMENTATION_COMMENTS = YES;
				CLANG_WARN_EMPTY_BODY = YES;
				CLANG_WARN_ENUM_CONVERSION = YES;
				CLANG_WARN_INFINITE_RECURSION = YES;
				CLANG_WARN_INT_CONVERSION = YES;
				CLANG_WARN_NON_LITERAL_NULL_CONVERSION = YES;
				CLANG_WARN_OBJC_IMPLICIT_RETAIN_SELF = YES;
				CLANG_WARN_OBJC_LITERAL_CONVERSION = YES;
				CLANG_WARN_OBJC_ROOT_CLASS = YES_ERROR;
				CLANG_WARN_RANGE_LOOP_ANALYSIS = YES;
				CLANG_WARN_STRICT_PROTOTYPES = YES;
				CLANG_WARN_SUSPICIOUS_MOVE = YES;
				CLANG_WARN_UNGUARDED_AVAILABILITY = YES_AGGRESSIVE;
				CLANG_WARN_UNREACHABLE_CODE = YES;
				CLANG_WARN__DUPLICATE_METHOD_MATCH = YES;
				COPY_PHASE_STRIP = NO;
				DEBUG_INFORMATION_FORMAT = dwarf;
				ENABLE_STRICT_OBJC_MSGSEND = YES;
				ENABLE_TESTABILITY = YES;
				GCC_C_LANGUAGE_STANDARD = gnu11;
				GCC_DYNAMIC_NO_PIC = NO;
				GCC_NO_COMMON_BLOCKS = YES;
				GCC_OPTIMIZATION_LEVEL = 0;
				GCC_PREPROCESSOR_DEFINITIONS = (
					"DEBUG=1",
					"$(inherited)",
				);
				GCC_WARN_64_TO_32_BIT_CONVERSION = YES;
				GCC_WARN_ABOUT_RETURN_TYPE = YES_ERROR;
				GCC_WARN_UNDECLARED_SELECTOR = YES;
				GCC_WARN_UNINITIALIZED_AUTOS = YES_AGGRESSIVE;
				GCC_WARN_UNUSED_FUNCTION = YES;
				GCC_WARN_UNUSED_VARIABLE = YES;
				MACOSX_DEPLOYMENT_TARGET = 10.15;
				MTL_ENABLE_DEBUG_INFO = INCLUDE_SOURCE;
				MTL_FAST_MATH = YES;
				ONLY_ACTIVE_ARCH = YES;
				SDKROOT = macosx;
				SWIFT_ACTIVE_COMPILATION_CONDITIONS = DEBUG;
				SWIFT_OPTIMIZATION_LEVEL = "-Onone";
			};
			name = Debug;
		};
		62095D6324A2687F00886BB4 /* Release */ = {
			isa = XCBuildConfiguration;
			buildSettings = {
				ALWAYS_SEARCH_USER_PATHS = NO;
				CLANG_ANALYZER_NONNULL = YES;
				CLANG_ANALYZER_NUMBER_OBJECT_CONVERSION = YES_AGGRESSIVE;
				CLANG_CXX_LANGUAGE_STANDARD = "gnu++14";
				CLANG_CXX_LIBRARY = "libc++";
				CLANG_ENABLE_MODULES = YES;
				CLANG_ENABLE_OBJC_ARC = YES;
				CLANG_ENABLE_OBJC_WEAK = YES;
				CLANG_WARN_BLOCK_CAPTURE_AUTORELEASING = YES;
				CLANG_WARN_BOOL_CONVERSION = YES;
				CLANG_WARN_COMMA = YES;
				CLANG_WARN_CONSTANT_CONVERSION = YES;
				CLANG_WARN_DEPRECATED_OBJC_IMPLEMENTATIONS = YES;
				CLANG_WARN_DIRECT_OBJC_ISA_USAGE = YES_ERROR;
				CLANG_WARN_DOCUMENTATION_COMMENTS = YES;
				CLANG_WARN_EMPTY_BODY = YES;
				CLANG_WARN_ENUM_CONVERSION = YES;
				CLANG_WARN_INFINITE_RECURSION = YES;
				CLANG_WARN_INT_CONVERSION = YES;
				CLANG_WARN_NON_LITERAL_NULL_CONVERSION = YES;
				CLANG_WARN_OBJC_IMPLICIT_RETAIN_SELF = YES;
				CLANG_WARN_OBJC_LITERAL_CONVERSION = YES;
				CLANG_WARN_OBJC_ROOT_CLASS = YES_ERROR;
				CLANG_WARN_RANGE_LOOP_ANALYSIS = YES;
				CLANG_WARN_STRICT_PROTOTYPES = YES;
				CLANG_WARN_SUSPICIOUS_MOVE = YES;
				CLANG_WARN_UNGUARDED_AVAILABILITY = YES_AGGRESSIVE;
				CLANG_WARN_UNREACHABLE_CODE = YES;
				CLANG_WARN__DUPLICATE_METHOD_MATCH = YES;
				COPY_PHASE_STRIP = NO;
				DEBUG_INFORMATION_FORMAT = "dwarf-with-dsym";
				ENABLE_NS_ASSERTIONS = NO;
				ENABLE_STRICT_OBJC_MSGSEND = YES;
				GCC_C_LANGUAGE_STANDARD = gnu11;
				GCC_NO_COMMON_BLOCKS = YES;
				GCC_WARN_64_TO_32_BIT_CONVERSION = YES;
				GCC_WARN_ABOUT_RETURN_TYPE = YES_ERROR;
				GCC_WARN_UNDECLARED_SELECTOR = YES;
				GCC_WARN_UNINITIALIZED_AUTOS = YES_AGGRESSIVE;
				GCC_WARN_UNUSED_FUNCTION = YES;
				GCC_WARN_UNUSED_VARIABLE = YES;
				MACOSX_DEPLOYMENT_TARGET = 10.15;
				MTL_ENABLE_DEBUG_INFO = NO;
				MTL_FAST_MATH = YES;
				SDKROOT = macosx;
				SWIFT_COMPILATION_MODE = wholemodule;
				SWIFT_OPTIMIZATION_LEVEL = "-O";
			};
			name = Release;
		};
		62095D6524A2687F00886BB4 /* Debug */ = {
			isa = XCBuildConfiguration;
			buildSettings = {
				CODE_SIGN_STYLE = Automatic;
				DEVELOPMENT_TEAM = W2NMRBH7Y3;
				ENABLE_HARDENED_RUNTIME = YES;
				PRODUCT_NAME = "$(TARGET_NAME)";
				SWIFT_VERSION = 5.0;
			};
			name = Debug;
		};
		62095D6624A2687F00886BB4 /* Release */ = {
			isa = XCBuildConfiguration;
			buildSettings = {
				CODE_SIGN_STYLE = Automatic;
				DEVELOPMENT_TEAM = W2NMRBH7Y3;
				ENABLE_HARDENED_RUNTIME = YES;
				PRODUCT_NAME = "$(TARGET_NAME)";
				SWIFT_VERSION = 5.0;
			};
			name = Release;
		};
		620C519B24B8CF3800AE61B4 /* Debug */ = {
			isa = XCBuildConfiguration;
			buildSettings = {
				CODE_SIGN_STYLE = Automatic;
				DEVELOPMENT_TEAM = W2NMRBH7Y3;
				ENABLE_HARDENED_RUNTIME = YES;
				PRODUCT_NAME = "$(TARGET_NAME)";
				SWIFT_VERSION = 5.0;
			};
			name = Debug;
		};
		620C519C24B8CF3800AE61B4 /* Release */ = {
			isa = XCBuildConfiguration;
			buildSettings = {
				CODE_SIGN_STYLE = Automatic;
				DEVELOPMENT_TEAM = W2NMRBH7Y3;
				ENABLE_HARDENED_RUNTIME = YES;
				PRODUCT_NAME = "$(TARGET_NAME)";
				SWIFT_VERSION = 5.0;
			};
			name = Release;
		};
		623DE39524BB70A60077B509 /* Debug */ = {
			isa = XCBuildConfiguration;
			buildSettings = {
				CODE_SIGN_STYLE = Automatic;
				DEVELOPMENT_TEAM = W2NMRBH7Y3;
				ENABLE_HARDENED_RUNTIME = YES;
				PRODUCT_NAME = "$(TARGET_NAME)";
				SWIFT_VERSION = 5.0;
			};
			name = Debug;
		};
		623DE39624BB70A60077B509 /* Release */ = {
			isa = XCBuildConfiguration;
			buildSettings = {
				CODE_SIGN_STYLE = Automatic;
				DEVELOPMENT_TEAM = W2NMRBH7Y3;
				ENABLE_HARDENED_RUNTIME = YES;
				PRODUCT_NAME = "$(TARGET_NAME)";
				SWIFT_VERSION = 5.0;
			};
			name = Release;
		};
		6269990A24B787EA00FFFC9C /* Debug */ = {
			isa = XCBuildConfiguration;
			buildSettings = {
				CODE_SIGN_STYLE = Automatic;
				DEVELOPMENT_TEAM = W2NMRBH7Y3;
				ENABLE_HARDENED_RUNTIME = YES;
				PRODUCT_NAME = "$(TARGET_NAME)";
				SWIFT_VERSION = 5.0;
			};
			name = Debug;
		};
		6269990B24B787EA00FFFC9C /* Release */ = {
			isa = XCBuildConfiguration;
			buildSettings = {
				CODE_SIGN_STYLE = Automatic;
				DEVELOPMENT_TEAM = W2NMRBH7Y3;
				ENABLE_HARDENED_RUNTIME = YES;
				PRODUCT_NAME = "$(TARGET_NAME)";
				SWIFT_VERSION = 5.0;
			};
			name = Release;
		};
		6273E43024C8F86700101062 /* Debug */ = {
			isa = XCBuildConfiguration;
			buildSettings = {
				CODE_SIGN_STYLE = Automatic;
				DEVELOPMENT_TEAM = W2NMRBH7Y3;
				ENABLE_HARDENED_RUNTIME = YES;
				PRODUCT_NAME = "$(TARGET_NAME)";
				SWIFT_VERSION = 5.0;
			};
			name = Debug;
		};
		6273E43124C8F86700101062 /* Release */ = {
			isa = XCBuildConfiguration;
			buildSettings = {
				CODE_SIGN_STYLE = Automatic;
				DEVELOPMENT_TEAM = W2NMRBH7Y3;
				ENABLE_HARDENED_RUNTIME = YES;
				PRODUCT_NAME = "$(TARGET_NAME)";
				SWIFT_VERSION = 5.0;
			};
			name = Release;
		};
		628734B124C68E7700D9E67F /* Debug */ = {
			isa = XCBuildConfiguration;
			buildSettings = {
				CODE_SIGN_STYLE = Automatic;
				DEVELOPMENT_TEAM = W2NMRBH7Y3;
				ENABLE_HARDENED_RUNTIME = YES;
				PRODUCT_NAME = "$(TARGET_NAME)";
				SWIFT_VERSION = 5.0;
			};
			name = Debug;
		};
		628734B224C68E7700D9E67F /* Release */ = {
			isa = XCBuildConfiguration;
			buildSettings = {
				CODE_SIGN_STYLE = Automatic;
				DEVELOPMENT_TEAM = W2NMRBH7Y3;
				ENABLE_HARDENED_RUNTIME = YES;
				PRODUCT_NAME = "$(TARGET_NAME)";
				SWIFT_VERSION = 5.0;
			};
			name = Release;
		};
		628734C624C7363600D9E67F /* Debug */ = {
			isa = XCBuildConfiguration;
			buildSettings = {
				CODE_SIGN_STYLE = Automatic;
				DEVELOPMENT_TEAM = W2NMRBH7Y3;
				ENABLE_HARDENED_RUNTIME = YES;
				PRODUCT_NAME = "$(TARGET_NAME)";
				SWIFT_VERSION = 5.0;
			};
			name = Debug;
		};
		628734C724C7363600D9E67F /* Release */ = {
			isa = XCBuildConfiguration;
			buildSettings = {
				CODE_SIGN_STYLE = Automatic;
				DEVELOPMENT_TEAM = W2NMRBH7Y3;
				ENABLE_HARDENED_RUNTIME = YES;
				PRODUCT_NAME = "$(TARGET_NAME)";
				SWIFT_VERSION = 5.0;
			};
			name = Release;
		};
		62DFCC8C24B449B000A8FD4C /* Debug */ = {
			isa = XCBuildConfiguration;
			buildSettings = {
				CODE_SIGN_STYLE = Automatic;
				DEVELOPMENT_TEAM = W2NMRBH7Y3;
				ENABLE_HARDENED_RUNTIME = YES;
				PRODUCT_NAME = "$(TARGET_NAME)";
				SWIFT_VERSION = 5.0;
			};
			name = Debug;
		};
		62DFCC8D24B449B000A8FD4C /* Release */ = {
			isa = XCBuildConfiguration;
			buildSettings = {
				CODE_SIGN_STYLE = Automatic;
				DEVELOPMENT_TEAM = W2NMRBH7Y3;
				ENABLE_HARDENED_RUNTIME = YES;
				PRODUCT_NAME = "$(TARGET_NAME)";
				SWIFT_VERSION = 5.0;
			};
			name = Release;
		};
		62FA3BA424A93BAE0051F459 /* Debug */ = {
			isa = XCBuildConfiguration;
			buildSettings = {
				CODE_SIGN_STYLE = Automatic;
				DEVELOPMENT_TEAM = W2NMRBH7Y3;
				ENABLE_HARDENED_RUNTIME = YES;
				PRODUCT_NAME = "$(TARGET_NAME)";
				SWIFT_VERSION = 5.0;
			};
			name = Debug;
		};
		62FA3BA524A93BAE0051F459 /* Release */ = {
			isa = XCBuildConfiguration;
			buildSettings = {
				CODE_SIGN_STYLE = Automatic;
				DEVELOPMENT_TEAM = W2NMRBH7Y3;
				ENABLE_HARDENED_RUNTIME = YES;
				PRODUCT_NAME = "$(TARGET_NAME)";
				SWIFT_VERSION = 5.0;
			};
			name = Release;
		};
		62FBAA9124BE2669004FCBAC /* Debug */ = {
			isa = XCBuildConfiguration;
			buildSettings = {
				CODE_SIGN_STYLE = Automatic;
				DEVELOPMENT_TEAM = W2NMRBH7Y3;
				ENABLE_HARDENED_RUNTIME = YES;
				PRODUCT_NAME = "$(TARGET_NAME)";
				SWIFT_VERSION = 5.0;
			};
			name = Debug;
		};
		62FBAA9224BE2669004FCBAC /* Release */ = {
			isa = XCBuildConfiguration;
			buildSettings = {
				CODE_SIGN_STYLE = Automatic;
				DEVELOPMENT_TEAM = W2NMRBH7Y3;
				ENABLE_HARDENED_RUNTIME = YES;
				PRODUCT_NAME = "$(TARGET_NAME)";
				SWIFT_VERSION = 5.0;
			};
			name = Release;
		};
/* End XCBuildConfiguration section */

/* Begin XCConfigurationList section */
		62095D5824A2687F00886BB4 /* Build configuration list for PBXProject "Recursives" */ = {
			isa = XCConfigurationList;
			buildConfigurations = (
				62095D6224A2687F00886BB4 /* Debug */,
				62095D6324A2687F00886BB4 /* Release */,
			);
			defaultConfigurationIsVisible = 0;
			defaultConfigurationName = Release;
		};
		62095D6424A2687F00886BB4 /* Build configuration list for PBXNativeTarget "Recursives" */ = {
			isa = XCConfigurationList;
			buildConfigurations = (
				62095D6524A2687F00886BB4 /* Debug */,
				62095D6624A2687F00886BB4 /* Release */,
			);
			defaultConfigurationIsVisible = 0;
			defaultConfigurationName = Release;
		};
		620C519E24B8CF3800AE61B4 /* Build configuration list for PBXNativeTarget "Tree" */ = {
			isa = XCConfigurationList;
			buildConfigurations = (
				620C519B24B8CF3800AE61B4 /* Debug */,
				620C519C24B8CF3800AE61B4 /* Release */,
			);
			defaultConfigurationIsVisible = 0;
			defaultConfigurationName = Release;
		};
		623DE39824BB70A60077B509 /* Build configuration list for PBXNativeTarget "DataStructures1" */ = {
			isa = XCConfigurationList;
			buildConfigurations = (
				623DE39524BB70A60077B509 /* Debug */,
				623DE39624BB70A60077B509 /* Release */,
			);
			defaultConfigurationIsVisible = 0;
			defaultConfigurationName = Release;
		};
		6269990D24B787EA00FFFC9C /* Build configuration list for PBXNativeTarget "MiniProject2" */ = {
			isa = XCConfigurationList;
			buildConfigurations = (
				6269990A24B787EA00FFFC9C /* Debug */,
				6269990B24B787EA00FFFC9C /* Release */,
			);
			defaultConfigurationIsVisible = 0;
			defaultConfigurationName = Release;
		};
		6273E43324C8F86700101062 /* Build configuration list for PBXNativeTarget "ProblemSet2" */ = {
			isa = XCConfigurationList;
			buildConfigurations = (
				6273E43024C8F86700101062 /* Debug */,
				6273E43124C8F86700101062 /* Release */,
			);
			defaultConfigurationIsVisible = 0;
			defaultConfigurationName = Release;
		};
		628734B424C68E7700D9E67F /* Build configuration list for PBXNativeTarget "TreeQuiz" */ = {
			isa = XCConfigurationList;
			buildConfigurations = (
				628734B124C68E7700D9E67F /* Debug */,
				628734B224C68E7700D9E67F /* Release */,
			);
			defaultConfigurationIsVisible = 0;
			defaultConfigurationName = Release;
		};
		628734C524C7363600D9E67F /* Build configuration list for PBXNativeTarget "LCA" */ = {
			isa = XCConfigurationList;
			buildConfigurations = (
				628734C624C7363600D9E67F /* Debug */,
				628734C724C7363600D9E67F /* Release */,
			);
			defaultConfigurationIsVisible = 0;
			defaultConfigurationName = Release;
		};
		62DFCC8F24B449B000A8FD4C /* Build configuration list for PBXNativeTarget "sort" */ = {
			isa = XCConfigurationList;
			buildConfigurations = (
				62DFCC8C24B449B000A8FD4C /* Debug */,
				62DFCC8D24B449B000A8FD4C /* Release */,
			);
			defaultConfigurationIsVisible = 0;
			defaultConfigurationName = Release;
		};
		62FA3BA624A93BAE0051F459 /* Build configuration list for PBXNativeTarget "Crawl" */ = {
			isa = XCConfigurationList;
			buildConfigurations = (
				62FA3BA424A93BAE0051F459 /* Debug */,
				62FA3BA524A93BAE0051F459 /* Release */,
			);
			defaultConfigurationIsVisible = 0;
			defaultConfigurationName = Release;
		};
		62FBAA9424BE2669004FCBAC /* Build configuration list for PBXNativeTarget "GroupPresentationI" */ = {
			isa = XCConfigurationList;
			buildConfigurations = (
				62FBAA9124BE2669004FCBAC /* Debug */,
				62FBAA9224BE2669004FCBAC /* Release */,
			);
			defaultConfigurationIsVisible = 0;
			defaultConfigurationName = Release;
		};
/* End XCConfigurationList section */
	};
	rootObject = 62095D5524A2687F00886BB4 /* Project object */;
}
